<Solution>
  <Folder Name="/src/" />
  <Folder Name="/src/BuildingBlocks/">
    <Project Path="src/BuildingBlocks/BuildingBlocks.Application/BuildingBlocks.Application.csproj" />
    <Project Path="src/BuildingBlocks/BuildingBlocks.Contracts/BuildingBlocks.Contracts.csproj" />
    <Project Path="src/BuildingBlocks/BuildingBlocks.Domain/BuildingBlocks.Domain.csproj" />
    <Project Path="src/BuildingBlocks/BuildingBlocks.Infrastructure/BuildingBlocks.Infrastructure.csproj" />
  </Folder>
  <Folder Name="/src/Modules/" />
  <Folder Name="/src/Modules/Catalog/">
    <Project Path="src/Modules/Catalog/Catalog.API/Catalog.API.csproj" />
    <Project Path="src/Modules/Catalog/Catalog.Application/Catalog.Application.csproj" />
    <Project Path="src/Modules/Catalog/Catalog.Contracts/Catalog.Contracts.csproj" />
    <Project Path="src/Modules/Catalog/Catalog.Domain/Catalog.Domain.csproj" />
    <Project Path="src/Modules/Catalog/Catalog.Infrastructure/Catalog.Infrastructure.csproj" />
  </Folder>
  <Folder Name="/src/Modules/Catalog/Catalog.Test.Integration/">
    <Project Path="src/Modules/Catalog/Catalog.Test.Integration/Catalog.Tests.Integration.csproj" />
  </Folder>
  <Folder Name="/src/Modules/Catalog/Catalog.Test.Unit/">
    <Project Path="src/Modules/Catalog/Catalog.Test.Unit/Catalog.Tests.Unit.csproj" />
  </Folder>
  <Folder Name="/tests/">
    <Project Path="tests/Architecture.Tests/Architecture.Tests.csproj" />
  </Folder>
</Solution>
